
Microsoft Visual Studio Solution File, Format Version 12.00
# Visual Studio 15
VisualStudioVersion = 15.0.26430.12
MinimumVisualStudioVersion = 10.0.40219.1
Project("{8BC9CEB8-8B4A-11D0-8D11-00A0C91BC942}") = "Test Bench", "Test Bench\Test Bench.vcxproj", "{1D45644F-BBEA-4203-ACF9-B5C0030B1CCE}"
EndProject
Project("{8BC9CEB8-8B4A-11D0-8D11-00A0C91BC942}") = "Unit Tests", "Unit Tests\Unit Tests.vcxproj", "{0D2F5CFA-C0F9-4E59-BD60-457E2AF5B994}"
EndProject
Global
	GlobalSection(SolutionConfigurationPlatforms) = preSolution
		Debug|x64 = Debug|x64
		Debug|x86 = Debug|x86
		Release|x64 = Release|x64
		Release|x86 = Release|x86
	EndGlobalSection
	GlobalSection(ProjectConfigurationPlatforms) = postSolution
		{1D45644F-BBEA-4203-ACF9-B5C0030B1CCE}.Debug|x64.ActiveCfg = Debug|x64
		{1D45644F-BBEA-4203-ACF9-B5C0030B1CCE}.Debug|x64.Build.0 = Debug|x64
		{1D45644F-BBEA-4203-ACF9-B5C0030B1CCE}.Debug|x86.ActiveCfg = Debug|Win32
		{1D45644F-BBEA-4203-ACF9-B5C0030B1CCE}.Debug|x86.Build.0 = Debug|Win32
		{1D45644F-BBEA-4203-ACF9-B5C0030B1CCE}.Release|x64.ActiveCfg = Release|x64
		{1D45644F-BBEA-4203-ACF9-B5C0030B1CCE}.Release|x64.Build.0 = Release|x64
		{1D45644F-BBEA-4203-ACF9-B5C0030B1CCE}.Release|x86.ActiveCfg = Release|Win32
		{1D45644F-BBEA-4203-ACF9-B5C0030B1CCE}.Release|x86.Build.0 = Release|Win32
		{0D2F5CFA-C0F9-4E59-BD60-457E2AF5B994}.Debug|x64.ActiveCfg = Debug|x64
		{0D2F5CFA-C0F9-4E59-BD60-457E2AF5B994}.Debug|x64.Build.0 = Debug|x64
		{0D2F5CFA-C0F9-4E59-BD60-457E2AF5B994}.Debug|x86.ActiveCfg = Debug|Win32
		{0D2F5CFA-C0F9-4E59-BD60-457E2AF5B994}.Debug|x86.Build.0 = Debug|Win32
		{0D2F5CFA-C0F9-4E59-BD60-457E2AF5B994}.Release|x64.ActiveCfg = Release|x64
		{0D2F5CFA-C0F9-4E59-BD60-457E2AF5B994}.Release|x64.Build.0 = Release|x64
		{0D2F5CFA-C0F9-4E59-BD60-457E2AF5B994}.Release|x86.ActiveCfg = Release|Win32
		{0D2F5CFA-C0F9-4E59-BD60-457E2AF5B994}.Release|x86.Build.0 = Release|Win32
	EndGlobalSection
	GlobalSection(SolutionProperties) = preSolution
		HideSolutionNode = FALSE
	EndGlobalSection
EndGlobal
